# This file is machine-generated by `gh actions-lock`.
# Do not edit by hand; run `gh actions-lock` to update.
# Docs: https://gh.io/actions-lockfile
version: 'v0.0.2'
workflows:
    '.github/workflows/issuecomment.yml':
        - 'steve-glass/pr-note@v3'
dependencies:
    'steve-glass/pr-note@v3':
        ref: 'v3'
        commit: 'sha1-a53b99fc9738713d0a1d0dba397606f0f0352a98'
        owner_id: 84886334
        repo_id: 1404620267
